
Microsoft Visual Studio Solution File, Format Version 12.00
# Visual Studio Version 16
VisualStudioVersion = 16.0.30011.22
MinimumVisualStudioVersion = 10.0.40219.1
Project("{FAE04EC0-301F-11D3-BF4B-00C04F79EFBC}") = "Model2048", "Model2048\Model2048.csproj", "{41B15752-01CD-4079-84EE-5024C91FFF36}"
EndProject
Project("{FAE04EC0-301F-11D3-BF4B-00C04F79EFBC}") = "Model2048_Tests", "ModelTests\Model2048_Tests.csproj", "{C4B99EF2-3A59-46EA-8B80-703C0694566E}"
EndProject
Global
	GlobalSection(SolutionConfigurationPlatforms) = preSolution
		Debug|Any CPU = Debug|Any CPU
		Release|Any CPU = Release|Any CPU
	EndGlobalSection
	GlobalSection(ProjectConfigurationPlatforms) = postSolution
		{41B15752-01CD-4079-84EE-5024C91FFF36}.Debug|Any CPU.ActiveCfg = Debug|Any CPU
		{41B15752-01CD-4079-84EE-5024C91FFF36}.Debug|Any CPU.Build.0 = Debug|Any CPU
		{41B15752-01CD-4079-84EE-5024C91FFF36}.Release|Any CPU.ActiveCfg = Release|Any CPU
		{41B15752-01CD-4079-84EE-5024C91FFF36}.Release|Any CPU.Build.0 = Release|Any CPU
		{C4B99EF2-3A59-46EA-8B80-703C0694566E}.Debug|Any CPU.ActiveCfg = Debug|Any CPU
		{C4B99EF2-3A59-46EA-8B80-703C0694566E}.Debug|Any CPU.Build.0 = Debug|Any CPU
		{C4B99EF2-3A59-46EA-8B80-703C0694566E}.Release|Any CPU.ActiveCfg = Release|Any CPU
		{C4B99EF2-3A59-46EA-8B80-703C0694566E}.Release|Any CPU.Build.0 = Release|Any CPU
	EndGlobalSection
	GlobalSection(SolutionProperties) = preSolution
		HideSolutionNode = FALSE
	EndGlobalSection
	GlobalSection(ExtensibilityGlobals) = postSolution
		SolutionGuid = {822A9395-C9EB-4B9E-BD78-30DBD187D408}
	EndGlobalSection
EndGlobal
